
Microsoft Visual Studio Solution File, Format Version 12.00
# Visual Studio Version 17
VisualStudioVersion = 17.0.32014.148
MinimumVisualStudioVersion = 10.0.40219.1
Project("{FAE04EC0-301F-11D3-BF4B-00C04F79EFBC}") = "TMDBViewerServer", "TMDBViewerServer\TMDBViewerServer.csproj", "{37E97D0A-EE4A-4906-8A5E-2CD0968243F1}"
EndProject
Global
	GlobalSection(SolutionConfigurationPlatforms) = preSolution
		Debug|Any CPU = Debug|Any CPU
		Release|Any CPU = Release|Any CPU
	EndGlobalSection
	GlobalSection(ProjectConfigurationPlatforms) = postSolution
		{37E97D0A-EE4A-4906-8A5E-2CD0968243F1}.Debug|Any CPU.ActiveCfg = Debug|Any CPU
		{37E97D0A-EE4A-4906-8A5E-2CD0968243F1}.Debug|Any CPU.Build.0 = Debug|Any CPU
		{37E97D0A-EE4A-4906-8A5E-2CD0968243F1}.Release|Any CPU.ActiveCfg = Release|Any CPU
		{37E97D0A-EE4A-4906-8A5E-2CD0968243F1}.Release|Any CPU.Build.0 = Release|Any CPU
	EndGlobalSection
	GlobalSection(SolutionProperties) = preSolution
		HideSolutionNode = FALSE
	EndGlobalSection
	GlobalSection(ExtensibilityGlobals) = postSolution
		SolutionGuid = {380B74C6-87C6-49E3-A804-ED1C685777A3}
	EndGlobalSection
EndGlobal
